// !$*UTF8*$!
{
	archiveVersion = 1;
	classes = {
	};
	objectVersion = 46;
	objects = {

/* Begin PBXBuildFile section */
		8A8552341C3E3A04006A2BAD /* AppDelegate.swift in Sources */ = {isa = PBXBuildFile; fileRef = 8A8552331C3E3A04006A2BAD /* AppDelegate.swift */; };
		8A8552381C3E3A04006A2BAD /* GameScene.swift in Sources */ = {isa = PBXBuildFile; fileRef = 8A8552371C3E3A04006A2BAD /* GameScene.swift */; };
		8A85523A1C3E3A04006A2BAD /* GameViewController.swift in Sources */ = {isa = PBXBuildFile; fileRef = 8A8552391C3E3A04006A2BAD /* GameViewController.swift */; };
		8A85523D1C3E3A04006A2BAD /* Main.storyboard in Resources */ = {isa = PBXBuildFile; fileRef = 8A85523B1C3E3A04006A2BAD /* Main.storyboard */; };
		8A85523F1C3E3A04006A2BAD /* Assets.xcassets in Resources */ = {isa = PBXBuildFile; fileRef = 8A85523E1C3E3A04006A2BAD /* Assets.xcassets */; };
		8A8552421C3E3A04006A2BAD /* LaunchScreen.storyboard in Resources */ = {isa = PBXBuildFile; fileRef = 8A8552401C3E3A04006A2BAD /* LaunchScreen.storyboard */; };
		8A85524D1C3E3A04006A2BAD /* Flappy_FeilpeTests.swift in Sources */ = {isa = PBXBuildFile; fileRef = 8A85524C1C3E3A04006A2BAD /* Flappy_FeilpeTests.swift */; };
/* End PBXBuildFile section */

/* Begin PBXContainerItemProxy section */
		8A8552491C3E3A04006A2BAD /* PBXContainerItemProxy */ = {
			isa = PBXContainerItemProxy;
			containerPortal = 8A8552281C3E3A04006A2BAD /* Project object */;
			proxyType = 1;
			remoteGlobalIDString = 8A85522F1C3E3A04006A2BAD;
			remoteInfo = "Flappy Feilpe";
		};
/* End PBXContainerItemProxy section */

/* Begin PBXFileReference section */
		8A8552301C3E3A04006A2BAD /* Flappy Feilpe.app */ = {isa = PBXFileReference; explicitFileType = wrapper.application; includeInIndex = 0; path = "Flappy Feilpe.app"; sourceTree = BUILT_PRODUCTS_DIR; };
		8A8552331C3E3A04006A2BAD /* AppDelegate.swift */ = {isa = PBXFileReference; lastKnownFileType = sourcecode.swift; path = AppDelegate.swift; sourceTree = "<group>"; };
		8A8552371C3E3A04006A2BAD /* GameScene.swift */ = {isa = PBXFileReference; lastKnownFileType = sourcecode.swift; path = GameScene.swift; sourceTree = "<group>"; };
		8A8552391C3E3A04006A2BAD /* GameViewController.swift */ = {isa = PBXFileReference; lastKnownFileType = sourcecode.swift; path = GameViewController.swift; sourceTree = "<group>"; };
		8A85523C1C3E3A04006A2BAD /* Base */ = {isa = PBXFileReference; lastKnownFileType = file.storyboard; name = Base; path = Base.lproj/Main.storyboard; sourceTree = "<group>"; };
		8A85523E1C3E3A04006A2BAD /* Assets.xcassets */ = {isa = PBXFileReference; lastKnownFileType = folder.assetcatalog; path = Assets.xcassets; sourceTree = "<group>"; };
		8A8552411C3E3A04006A2BAD /* Base */ = {isa = PBXFileReference; lastKnownFileType = file.storyboard; name = Base; path = Base.lproj/LaunchScreen.storyboard; sourceTree = "<group>"; };
		8A8552431C3E3A04006A2BAD /* Info.plist */ = {isa = PBXFileReference; lastKnownFileType = text.plist.xml; path = Info.plist; sourceTree = "<group>"; };
		8A8552481C3E3A04006A2BAD /* Flappy FeilpeTests.xctest */ = {isa = PBXFileReference; explicitFileType = wrapper.cfbundle; includeInIndex = 0; path = "Flappy FeilpeTests.xctest"; sourceTree = BUILT_PRODUCTS_DIR; };
		8A85524C1C3E3A04006A2BAD /* Flappy_FeilpeTests.swift */ = {isa = PBXFileReference; lastKnownFileType = sourcecode.swift; path = Flappy_FeilpeTests.swift; sourceTree = "<group>"; };
		8A85524E1C3E3A04006A2BAD /* Info.plist */ = {isa = PBXFileReference; lastKnownFileType = text.plist.xml; path = Info.plist; sourceTree = "<group>"; };
/* End PBXFileReference section */

/* Begin PBXFrameworksBuildPhase section */
		8A85522D1C3E3A04006A2BAD /* Frameworks */ = {
			isa = PBXFrameworksBuildPhase;
			buildActionMask = 2147483647;
			files = (
			);
			runOnlyForDeploymentPostprocessing = 0;
		};
		8A8552451C3E3A04006A2BAD /* Frameworks */ = {
			isa = PBXFrameworksBuildPhase;
			buildActionMask = 2147483647;
			files = (
			);
			runOnlyForDeploymentPostprocessing = 0;
		};
/* End PBXFrameworksBuildPhase section */

/* Begin PBXGroup section */
		8A8552271C3E3A04006A2BAD = {
			isa = PBXGroup;
			children = (
				8A8552321C3E3A04006A2BAD /* Flappy Feilpe */,
				8A85524B1C3E3A04006A2BAD /* Flappy FeilpeTests */,
				8A8552311C3E3A04006A2BAD /* Products */,
			);
			sourceTree = "<group>";
		};
		8A8552311C3E3A04006A2BAD /* Products */ = {
			isa = PBXGroup;
			children = (
				8A8552301C3E3A04006A2BAD /* Flappy Feilpe.app */,
				8A8552481C3E3A04006A2BAD /* Flappy FeilpeTests.xctest */,
			);
			name = Products;
			sourceTree = "<group>";
		};
		8A8552321C3E3A04006A2BAD /* Flappy Feilpe */ = {
			isa = PBXGroup;
			children = (
				8A8552331C3E3A04006A2BAD /* AppDelegate.swift */,
				8A8552371C3E3A04006A2BAD /* GameScene.swift */,
				8A8552391C3E3A04006A2BAD /* GameViewController.swift */,
				8A85523B1C3E3A04006A2BAD /* Main.storyboard */,
				8A85523E1C3E3A04006A2BAD /* Assets.xcassets */,
				8A8552401C3E3A04006A2BAD /* LaunchScreen.storyboard */,
				8A8552431C3E3A04006A2BAD /* Info.plist */,
			);
			path = "Flappy Feilpe";
			sourceTree = "<group>";
		};
		8A85524B1C3E3A04006A2BAD /* Flappy FeilpeTests */ = {
			isa = PBXGroup;
			children = (
				8A85524C1C3E3A04006A2BAD /* Flappy_FeilpeTests.swift */,
				8A85524E1C3E3A04006A2BAD /* Info.plist */,
			);
			path = "Flappy FeilpeTests";
			sourceTree = "<group>";
		};
/* End PBXGroup section */

/* Begin PBXNativeTarget section */
		8A85522F1C3E3A04006A2BAD /* Flappy Feilpe */ = {
			isa = PBXNativeTarget;
			buildConfigurationList = 8A8552511C3E3A04006A2BAD /* Build configuration list for PBXNativeTarget "Flappy Feilpe" */;
			buildPhases = (
				8A85522C1C3E3A04006A2BAD /* Sources */,
				8A85522D1C3E3A04006A2BAD /* Frameworks */,
				8A85522E1C3E3A04006A2BAD /* Resources */,
			);
			buildRules = (
			);
			dependencies = (
			);
			name = "Flappy Feilpe";
			productName = "Flappy Feilpe";
			productReference = 8A8552301C3E3A04006A2BAD /* Flappy Feilpe.app */;
			productType = "com.apple.product-type.application";
		};
		8A8552471C3E3A04006A2BAD /* Flappy FeilpeTests */ = {
			isa = PBXNativeTarget;
			buildConfigurationList = 8A8552541C3E3A04006A2BAD /* Build configuration list for PBXNativeTarget "Flappy FeilpeTests" */;
			buildPhases = (
				8A8552441C3E3A04006A2BAD /* Sources */,
				8A8552451C3E3A04006A2BAD /* Frameworks */,
				8A8552461C3E3A04006A2BAD /* Resources */,
			);
			buildRules = (
			);
			dependencies = (
				8A85524A1C3E3A04006A2BAD /* PBXTargetDependency */,
			);
			name = "Flappy FeilpeTests";
			productName = "Flappy FeilpeTests";
			productReference = 8A8552481C3E3A04006A2BAD /* Flappy FeilpeTests.xctest */;
			productType = "com.apple.product-type.bundle.unit-test";
		};
/* End PBXNativeTarget section */

/* Begin PBXProject section */
		8A8552281C3E3A04006A2BAD /* Project object */ = {
			isa = PBXProject;
			attributes = {
				LastSwiftUpdateCheck = 0720;
				LastUpgradeCheck = 0720;
				ORGANIZATIONNAME = "ND NINJA";
				TargetAttributes = {
					8A85522F1C3E3A04006A2BAD = {
						CreatedOnToolsVersion = 7.2;
					};
					8A8552471C3E3A04006A2BAD = {
						CreatedOnToolsVersion = 7.2;
						TestTargetID = 8A85522F1C3E3A04006A2BAD;
					};
				};
			};
			buildConfigurationList = 8A85522B1C3E3A04006A2BAD /* Build configuration list for PBXProject "Flappy Feilpe" */;
			compatibilityVersion = "Xcode 3.2";
			developmentRegion = English;
			hasScannedForEncodings = 0;
			knownRegions = (
				en,
				Base,
			);
			mainGroup = 8A8552271C3E3A04006A2BAD;
			productRefGroup = 8A8552311C3E3A04006A2BAD /* Products */;
			projectDirPath = "";
			projectRoot = "";
			targets = (
				8A85522F1C3E3A04006A2BAD /* Flappy Feilpe */,
				8A8552471C3E3A04006A2BAD /* Flappy FeilpeTests */,
			);
		};
/* End PBXProject section */

/* Begin PBXResourcesBuildPhase section */
		8A85522E1C3E3A04006A2BAD /* Resources */ = {
			isa = PBXResourcesBuildPhase;
			buildActionMask = 2147483647;
			files = (
				8A8552421C3E3A04006A2BAD /* LaunchScreen.storyboard in Resources */,
				8A85523F1C3E3A04006A2BAD /* Assets.xcassets in Resources */,
				8A85523D1C3E3A04006A2BAD /* Main.storyboard in Resources */,
			);
			runOnlyForDeploymentPostprocessing = 0;
		};
		8A8552461C3E3A04006A2BAD /* Resources */ = {
			isa = PBXResourcesBuildPhase;
			buildActionMask = 2147483647;
			files = (
			);
			runOnlyForDeploymentPostprocessing = 0;
		};
/* End PBXResourcesBuildPhase section */

/* Begin PBXSourcesBuildPhase section */
		8A85522C1C3E3A04006A2BAD /* Sources */ = {
			isa = PBXSourcesBuildPhase;
			buildActionMask = 2147483647;
			files = (
				8A8552381C3E3A04006A2BAD /* GameScene.swift in Sources */,
				8A85523A1C3E3A04006A2BAD /* GameViewController.swift in Sources */,
				8A8552341C3E3A04006A2BAD /* AppDelegate.swift in Sources */,
			);
			runOnlyForDeploymentPostprocessing = 0;
		};
		8A8552441C3E3A04006A2BAD /* Sources */ = {
			isa = PBXSourcesBuildPhase;
			buildActionMask = 2147483647;
			files = (
				8A85524D1C3E3A04006A2BAD /* Flappy_FeilpeTests.swift in Sources */,
			);
			runOnlyForDeploymentPostprocessing = 0;
		};
/* End PBXSourcesBuildPhase section */

/* Begin PBXTargetDependency section */
		8A85524A1C3E3A04006A2BAD /* PBXTargetDependency */ = {
			isa = PBXTargetDependency;
			target = 8A85522F1C3E3A04006A2BAD /* Flappy Feilpe */;
			targetProxy = 8A8552491C3E3A04006A2BAD /* PBXContainerItemProxy */;
		};
/* End PBXTargetDependency section */

/* Begin PBXVariantGroup section */
		8A85523B1C3E3A04006A2BAD /* Main.storyboard */ = {
			isa = PBXVariantGroup;
			children = (
				8A85523C1C3E3A04006A2BAD /* Base */,
			);
			name = Main.storyboard;
			sourceTree = "<group>";
		};
		8A8552401C3E3A04006A2BAD /* LaunchScreen.storyboard */ = {
			isa = PBXVariantGroup;
			children = (
				8A8552411C3E3A04006A2BAD /* Base */,
			);
			name = LaunchScreen.storyboard;
			sourceTree = "<group>";
		};
/* End PBXVariantGroup section */

/* Begin XCBuildConfiguration section */
		8A85524F1C3E3A04006A2BAD /* Debug */ = {
			isa = XCBuildConfiguration;
			buildSettings = {
				ALWAYS_SEARCH_USER_PATHS = NO;
				CLANG_CXX_LANGUAGE_STANDARD = "gnu++0x";
				CLANG_CXX_LIBRARY = "libc++";
				CLANG_ENABLE_MODULES = YES;
				CLANG_ENABLE_OBJC_ARC = YES;
				CLANG_WARN_BOOL_CONVERSION = YES;
				CLANG_WARN_CONSTANT_CONVERSION = YES;
				CLANG_WARN_DIRECT_OBJC_ISA_USAGE = YES_ERROR;
				CLANG_WARN_EMPTY_BODY = YES;
				CLANG_WARN_ENUM_CONVERSION = YES;
				CLANG_WARN_INT_CONVERSION = YES;
				CLANG_WARN_OBJC_ROOT_CLASS = YES_ERROR;
				CLANG_WARN_UNREACHABLE_CODE = YES;
				CLANG_WARN__DUPLICATE_METHOD_MATCH = YES;
				"CODE_SIGN_IDENTITY[sdk=iphoneos*]" = "iPhone Developer";
				COPY_PHASE_STRIP = NO;
				DEBUG_INFORMATION_FORMAT = "dwarf-with-dsym";
				ENABLE_STRICT_OBJC_MSGSEND = YES;
				ENABLE_TESTABILITY = YES;
				GCC_C_LANGUAGE_STANDARD = gnu99;
				GCC_DYNAMIC_NO_PIC = NO;
				GCC_NO_COMMON_BLOCKS = YES;
				GCC_OPTIMIZATION_LEVEL = 0;
				GCC_PREPROCESSOR_DEFINITIONS = (
					"DEBUG=1",
					"$(inherited)",
				);
				GCC_WARN_64_TO_32_BIT_CONVERSION = YES;
				GCC_WARN_ABOUT_RETURN_TYPE = YES_ERROR;
				GCC_WARN_UNDECLARED_SELECTOR = YES;
				GCC_WARN_UNINITIALIZED_AUTOS = YES_AGGRESSIVE;
				GCC_WARN_UNUSED_FUNCTION = YES;
				GCC_WARN_UNUSED_VARIABLE = YES;
				IPHONEOS_DEPLOYMENT_TARGET = 9.2;
				MTL_ENABLE_DEBUG_INFO = YES;
				ONLY_ACTIVE_ARCH = YES;
				SDKROOT = iphoneos;
				SWIFT_OPTIMIZATION_LEVEL = "-Onone";
			};
			name = Debug;
		};
		8A8552501C3E3A04006A2BAD /* Release */ = {
			isa = XCBuildConfiguration;
			buildSettings = {
				ALWAYS_SEARCH_USER_PATHS = NO;
				CLANG_CXX_LANGUAGE_STANDARD = "gnu++0x";
				CLANG_CXX_LIBRARY = "libc++";
				CLANG_ENABLE_MODULES = YES;
				CLANG_ENABLE_OBJC_ARC = YES;
				CLANG_WARN_BOOL_CONVERSION = YES;
				CLANG_WARN_CONSTANT_CONVERSION = YES;
				CLANG_WARN_DIRECT_OBJC_ISA_USAGE = YES_ERROR;
				CLANG_WARN_EMPTY_BODY = YES;
				CLANG_WARN_ENUM_CONVERSION = YES;
				CLANG_WARN_INT_CONVERSION = YES;
				CLANG_WARN_OBJC_ROOT_CLASS = YES_ERROR;
				CLANG_WARN_UNREACHABLE_CODE = YES;
				CLANG_WARN__DUPLICATE_METHOD_MATCH = YES;
				"CODE_SIGN_IDENTITY[sdk=iphoneos*]" = "iPhone Developer";
				COPY_PHASE_STRIP = NO;
				DEBUG_INFORMATION_FORMAT = "dwarf-with-dsym";
				ENABLE_NS_ASSERTIONS = NO;
				ENABLE_STRICT_OBJC_MSGSEND = YES;
				GCC_C_LANGUAGE_STANDARD = gnu99;
				GCC_NO_COMMON_BLOCKS = YES;
				GCC_WARN_64_TO_32_BIT_CONVERSION = YES;
				GCC_WARN_ABOUT_RETURN_TYPE = YES_ERROR;
				GCC_WARN_UNDECLARED_SELECTOR = YES;
				GCC_WARN_UNINITIALIZED_AUTOS = YES_AGGRESSIVE;
				GCC_WARN_UNUSED_FUNCTION = YES;
				GCC_WARN_UNUSED_VARIABLE = YES;
				IPHONEOS_DEPLOYMENT_TARGET = 9.2;
				MTL_ENABLE_DEBUG_INFO = NO;
				SDKROOT = iphoneos;
				VALIDATE_PRODUCT = YES;
			};
			name = Release;
		};
		8A8552521C3E3A04006A2BAD /* Debug */ = {
			isa = XCBuildConfiguration;
			buildSettings = {
				ASSETCATALOG_COMPILER_APPICON_NAME = AppIcon;
				INFOPLIST_FILE = "Flappy Feilpe/Info.plist";
				LD_RUNPATH_SEARCH_PATHS = "$(inherited) @executable_path/Frameworks";
				PRODUCT_BUNDLE_IDENTIFIER = "xyz.ndninja.Flappy-Feilpe";
				PRODUCT_NAME = "$(TARGET_NAME)";
			};
			name = Debug;
		};
		8A8552531C3E3A04006A2BAD /* Release */ = {
			isa = XCBuildConfiguration;
			buildSettings = {
				ASSETCATALOG_COMPILER_APPICON_NAME = AppIcon;
				INFOPLIST_FILE = "Flappy Feilpe/Info.plist";
				LD_RUNPATH_SEARCH_PATHS = "$(inherited) @executable_path/Frameworks";
				PRODUCT_BUNDLE_IDENTIFIER = "xyz.ndninja.Flappy-Feilpe";
				PRODUCT_NAME = "$(TARGET_NAME)";
			};
			name = Release;
		};
		8A8552551C3E3A04006A2BAD /* Debug */ = {
			isa = XCBuildConfiguration;
			buildSettings = {
				BUNDLE_LOADER = "$(TEST_HOST)";
				DEBUG_INFORMATION_FORMAT = dwarf;
				INFOPLIST_FILE = "Flappy FeilpeTests/Info.plist";
				LD_RUNPATH_SEARCH_PATHS = "$(inherited) @executable_path/Frameworks @loader_path/Frameworks";
				PRODUCT_BUNDLE_IDENTIFIER = "xyz.ndninja.Flappy-FeilpeTests";
				PRODUCT_NAME = "$(TARGET_NAME)";
				TEST_HOST = "$(BUILT_PRODUCTS_DIR)/Flappy Feilpe.app/Flappy Feilpe";
			};
			name = Debug;
		};
		8A8552561C3E3A04006A2BAD /* Release */ = {
			isa = XCBuildConfiguration;
			buildSettings = {
				BUNDLE_LOADER = "$(TEST_HOST)";
				INFOPLIST_FILE = "Flappy FeilpeTests/Info.plist";
				LD_RUNPATH_SEARCH_PATHS = "$(inherited) @executable_path/Frameworks @loader_path/Frameworks";
				PRODUCT_BUNDLE_IDENTIFIER = "xyz.ndninja.Flappy-FeilpeTests";
				PRODUCT_NAME = "$(TARGET_NAME)";
				TEST_HOST = "$(BUILT_PRODUCTS_DIR)/Flappy Feilpe.app/Flappy Feilpe";
			};
			name = Release;
		};
/* End XCBuildConfiguration section */

/* Begin XCConfigurationList section */
		8A85522B1C3E3A04006A2BAD /* Build configuration list for PBXProject "Flappy Feilpe" */ = {
			isa = XCConfigurationList;
			buildConfigurations = (
				8A85524F1C3E3A04006A2BAD /* Debug */,
				8A8552501C3E3A04006A2BAD /* Release */,
			);
			defaultConfigurationIsVisible = 0;
			defaultConfigurationName = Release;
		};
		8A8552511C3E3A04006A2BAD /* Build configuration list for PBXNativeTarget "Flappy Feilpe" */ = {
			isa = XCConfigurationList;
			buildConfigurations = (
				8A8552521C3E3A04006A2BAD /* Debug */,
				8A8552531C3E3A04006A2BAD /* Release */,
			);
			defaultConfigurationIsVisible = 0;
		};
		8A8552541C3E3A04006A2BAD /* Build configuration list for PBXNativeTarget "Flappy FeilpeTests" */ = {
			isa = XCConfigurationList;
			buildConfigurations = (
				8A8552551C3E3A04006A2BAD /* Debug */,
				8A8552561C3E3A04006A2BAD /* Release */,
			);
			defaultConfigurationIsVisible = 0;
		};
/* End XCConfigurationList section */
	};
	rootObject = 8A8552281C3E3A04006A2BAD /* Project object */;
}
